
Microsoft Visual Studio Solution File, Format Version 12.00
Project("{FAE04EC0-301F-11D3-BF4B-00C04F79EFBC}") = "LogginProxy", "LogginProxy\LogginProxy.csproj", "{3333E506-A876-43E2-A2DA-7DE9624EDC70}"
EndProject
Project("{FAE04EC0-301F-11D3-BF4B-00C04F79EFBC}") = "CustomLogger", "CustomLogger\CustomLogger.csproj", "{D6F05FE4-1D59-4BE7-ACF3-0FACDBE54A03}"
EndProject
Global
	GlobalSection(SolutionConfigurationPlatforms) = preSolution
		Debug|Any CPU = Debug|Any CPU
		Release|Any CPU = Release|Any CPU
	EndGlobalSection
	GlobalSection(ProjectConfigurationPlatforms) = postSolution
		{3333E506-A876-43E2-A2DA-7DE9624EDC70}.Debug|Any CPU.ActiveCfg = Debug|Any CPU
		{3333E506-A876-43E2-A2DA-7DE9624EDC70}.Debug|Any CPU.Build.0 = Debug|Any CPU
		{3333E506-A876-43E2-A2DA-7DE9624EDC70}.Release|Any CPU.ActiveCfg = Release|Any CPU
		{3333E506-A876-43E2-A2DA-7DE9624EDC70}.Release|Any CPU.Build.0 = Release|Any CPU
		{D6F05FE4-1D59-4BE7-ACF3-0FACDBE54A03}.Debug|Any CPU.ActiveCfg = Debug|Any CPU
		{D6F05FE4-1D59-4BE7-ACF3-0FACDBE54A03}.Debug|Any CPU.Build.0 = Debug|Any CPU
		{D6F05FE4-1D59-4BE7-ACF3-0FACDBE54A03}.Release|Any CPU.ActiveCfg = Release|Any CPU
		{D6F05FE4-1D59-4BE7-ACF3-0FACDBE54A03}.Release|Any CPU.Build.0 = Release|Any CPU
	EndGlobalSection
EndGlobal
